
Microsoft Visual Studio Solution File, Format Version 12.00
# Visual Studio 2015
Project("{FAE04EC0-301F-11D3-BF4B-00C04F79EFBC}") = "RocketFootball.CSharp", "RocketFootball.CSharp.csproj", "{1DA758D1-E815-991D-0C34-35879F17E659}"
EndProject
Project("{FAE04EC0-301F-11D3-BF4B-00C04F79EFBC}") = "RocketFootball.CSharp.Editor", "RocketFootball.CSharp.Editor.csproj", "{4998891E-D562-C31C-1362-9F65210122A1}"
EndProject
Global
	GlobalSection(SolutionConfigurationPlatforms) = preSolution
		Debug|Any CPU = Debug|Any CPU
		Release|Any CPU = Release|Any CPU
	EndGlobalSection
	GlobalSection(ProjectConfigurationPlatforms) = postSolution
		{1DA758D1-E815-991D-0C34-35879F17E659}.Debug|Any CPU.ActiveCfg = Debug|Any CPU
		{1DA758D1-E815-991D-0C34-35879F17E659}.Debug|Any CPU.Build.0 = Debug|Any CPU
		{1DA758D1-E815-991D-0C34-35879F17E659}.Release|Any CPU.ActiveCfg = Release|Any CPU
		{1DA758D1-E815-991D-0C34-35879F17E659}.Release|Any CPU.Build.0 = Release|Any CPU
		{4998891E-D562-C31C-1362-9F65210122A1}.Debug|Any CPU.ActiveCfg = Debug|Any CPU
		{4998891E-D562-C31C-1362-9F65210122A1}.Debug|Any CPU.Build.0 = Debug|Any CPU
		{4998891E-D562-C31C-1362-9F65210122A1}.Release|Any CPU.ActiveCfg = Release|Any CPU
		{4998891E-D562-C31C-1362-9F65210122A1}.Release|Any CPU.Build.0 = Release|Any CPU
	EndGlobalSection
	GlobalSection(SolutionProperties) = preSolution
		HideSolutionNode = FALSE
	EndGlobalSection
EndGlobal
